
Microsoft Visual Studio Solution File, Format Version 12.00
# Visual Studio Version 17
VisualStudioVersion = 17.1.32319.34
MinimumVisualStudioVersion = 10.0.40219.1
Project("{FAE04EC0-301F-11D3-BF4B-00C04F79EFBC}") = "PrimalEditor", "PrimalEditor\PrimalEditor.csproj", "{A864AD3B-2753-4A38-863A-50246A7FB125}"
EndProject
Project("{8BC9CEB8-8B4A-11D0-8D11-00A0C91BC942}") = "Engine", "Engine\Engine.vcxproj", "{03256A24-95B3-448D-B838-B93A0BDB2FE8}"
EndProject
Project("{8BC9CEB8-8B4A-11D0-8D11-00A0C91BC942}") = "EngineTest", "EngineTest\EngineTest.vcxproj", "{5C1CF4F6-DC04-49E8-B64A-9811E2C7087A}"
EndProject
Project("{8BC9CEB8-8B4A-11D0-8D11-00A0C91BC942}") = "EngineDLL", "EngineDLL\EngineDLL.vcxproj", "{A3F1C4C6-B158-4D19-9CAD-CA4DF98E5269}"
EndProject
Project("{8BC9CEB8-8B4A-11D0-8D11-00A0C91BC942}") = "ContentTools", "ContentTools\ContentTools.vcxproj", "{3F6C14B3-7912-4174-BA3F-742524FB53F4}"
EndProject
Global
	GlobalSection(SolutionConfigurationPlatforms) = preSolution
		Debug|x64 = Debug|x64
		Debug|x86 = Debug|x86
		DebugEditor|x64 = DebugEditor|x64
		DebugEditor|x86 = DebugEditor|x86
		Release|x64 = Release|x64
		Release|x86 = Release|x86
		ReleaseEditor|x64 = ReleaseEditor|x64
		ReleaseEditor|x86 = ReleaseEditor|x86
	EndGlobalSection
	GlobalSection(ProjectConfigurationPlatforms) = postSolution
		{A864AD3B-2753-4A38-863A-50246A7FB125}.Debug|x64.ActiveCfg = DebugEditor|x64
		{A864AD3B-2753-4A38-863A-50246A7FB125}.Debug|x64.Build.0 = DebugEditor|x64
		{A864AD3B-2753-4A38-863A-50246A7FB125}.Debug|x86.ActiveCfg = ReleaseEditor|x64
		{A864AD3B-2753-4A38-863A-50246A7FB125}.DebugEditor|x64.ActiveCfg = DebugEditor|x64
		{A864AD3B-2753-4A38-863A-50246A7FB125}.DebugEditor|x64.Build.0 = DebugEditor|x64
		{A864AD3B-2753-4A38-863A-50246A7FB125}.DebugEditor|x86.ActiveCfg = DebugEditor|x64
		{A864AD3B-2753-4A38-863A-50246A7FB125}.Release|x64.ActiveCfg = ReleaseEditor|x64
		{A864AD3B-2753-4A38-863A-50246A7FB125}.Release|x64.Build.0 = ReleaseEditor|x64
		{A864AD3B-2753-4A38-863A-50246A7FB125}.Release|x86.ActiveCfg = ReleaseEditor|x64
		{A864AD3B-2753-4A38-863A-50246A7FB125}.ReleaseEditor|x64.ActiveCfg = ReleaseEditor|x64
		{A864AD3B-2753-4A38-863A-50246A7FB125}.ReleaseEditor|x64.Build.0 = ReleaseEditor|x64
		{A864AD3B-2753-4A38-863A-50246A7FB125}.ReleaseEditor|x86.ActiveCfg = ReleaseEditor|x64
		{03256A24-95B3-448D-B838-B93A0BDB2FE8}.Debug|x64.ActiveCfg = Debug|x64
		{03256A24-95B3-448D-B838-B93A0BDB2FE8}.Debug|x64.Build.0 = Debug|x64
		{03256A24-95B3-448D-B838-B93A0BDB2FE8}.Debug|x86.ActiveCfg = Debug|x64
		{03256A24-95B3-448D-B838-B93A0BDB2FE8}.Debug|x86.Build.0 = Debug|x64
		{03256A24-95B3-448D-B838-B93A0BDB2FE8}.DebugEditor|x64.ActiveCfg = DebugEditor|x64
		{03256A24-95B3-448D-B838-B93A0BDB2FE8}.DebugEditor|x64.Build.0 = DebugEditor|x64
		{03256A24-95B3-448D-B838-B93A0BDB2FE8}.DebugEditor|x86.ActiveCfg = DebugEditor|x64
		{03256A24-95B3-448D-B838-B93A0BDB2FE8}.DebugEditor|x86.Build.0 = DebugEditor|x64
		{03256A24-95B3-448D-B838-B93A0BDB2FE8}.Release|x64.ActiveCfg = Release|x64
		{03256A24-95B3-448D-B838-B93A0BDB2FE8}.Release|x64.Build.0 = Release|x64
		{03256A24-95B3-448D-B838-B93A0BDB2FE8}.Release|x86.ActiveCfg = Release|x64
		{03256A24-95B3-448D-B838-B93A0BDB2FE8}.Release|x86.Build.0 = Release|x64
		{03256A24-95B3-448D-B838-B93A0BDB2FE8}.ReleaseEditor|x64.ActiveCfg = ReleaseEditor|x64
		{03256A24-95B3-448D-B838-B93A0BDB2FE8}.ReleaseEditor|x64.Build.0 = ReleaseEditor|x64
		{03256A24-95B3-448D-B838-B93A0BDB2FE8}.ReleaseEditor|x86.ActiveCfg = ReleaseEditor|x64
		{03256A24-95B3-448D-B838-B93A0BDB2FE8}.ReleaseEditor|x86.Build.0 = ReleaseEditor|x64
		{5C1CF4F6-DC04-49E8-B64A-9811E2C7087A}.Debug|x64.ActiveCfg = Debug|x64
		{5C1CF4F6-DC04-49E8-B64A-9811E2C7087A}.Debug|x64.Build.0 = Debug|x64
		{5C1CF4F6-DC04-49E8-B64A-9811E2C7087A}.Debug|x86.ActiveCfg = Debug|x64
		{5C1CF4F6-DC04-49E8-B64A-9811E2C7087A}.DebugEditor|x64.ActiveCfg = DebugEditor|x64
		{5C1CF4F6-DC04-49E8-B64A-9811E2C7087A}.DebugEditor|x64.Build.0 = DebugEditor|x64
		{5C1CF4F6-DC04-49E8-B64A-9811E2C7087A}.DebugEditor|x86.ActiveCfg = DebugEditor|x64
		{5C1CF4F6-DC04-49E8-B64A-9811E2C7087A}.Release|x64.ActiveCfg = Release|x64
		{5C1CF4F6-DC04-49E8-B64A-9811E2C7087A}.Release|x64.Build.0 = Release|x64
		{5C1CF4F6-DC04-49E8-B64A-9811E2C7087A}.Release|x86.ActiveCfg = Release|x64
		{5C1CF4F6-DC04-49E8-B64A-9811E2C7087A}.ReleaseEditor|x64.ActiveCfg = ReleaseEditor|x64
		{5C1CF4F6-DC04-49E8-B64A-9811E2C7087A}.ReleaseEditor|x64.Build.0 = ReleaseEditor|x64
		{5C1CF4F6-DC04-49E8-B64A-9811E2C7087A}.ReleaseEditor|x86.ActiveCfg = ReleaseEditor|x64
		{A3F1C4C6-B158-4D19-9CAD-CA4DF98E5269}.Debug|x64.ActiveCfg = DebugEditor|x64
		{A3F1C4C6-B158-4D19-9CAD-CA4DF98E5269}.Debug|x64.Build.0 = DebugEditor|x64
		{A3F1C4C6-B158-4D19-9CAD-CA4DF98E5269}.Debug|x86.ActiveCfg = Debug|x64
		{A3F1C4C6-B158-4D19-9CAD-CA4DF98E5269}.DebugEditor|x64.ActiveCfg = DebugEditor|x64
		{A3F1C4C6-B158-4D19-9CAD-CA4DF98E5269}.DebugEditor|x64.Build.0 = DebugEditor|x64
		{A3F1C4C6-B158-4D19-9CAD-CA4DF98E5269}.DebugEditor|x86.ActiveCfg = DebugEditor|x64
		{A3F1C4C6-B158-4D19-9CAD-CA4DF98E5269}.Release|x64.ActiveCfg = DebugEditor|x64
		{A3F1C4C6-B158-4D19-9CAD-CA4DF98E5269}.Release|x64.Build.0 = DebugEditor|x64
		{A3F1C4C6-B158-4D19-9CAD-CA4DF98E5269}.Release|x86.ActiveCfg = Release|x64
		{A3F1C4C6-B158-4D19-9CAD-CA4DF98E5269}.ReleaseEditor|x64.ActiveCfg = ReleaseEditor|x64
		{A3F1C4C6-B158-4D19-9CAD-CA4DF98E5269}.ReleaseEditor|x64.Build.0 = ReleaseEditor|x64
		{A3F1C4C6-B158-4D19-9CAD-CA4DF98E5269}.ReleaseEditor|x86.ActiveCfg = ReleaseEditor|x64
		{3F6C14B3-7912-4174-BA3F-742524FB53F4}.Debug|x64.ActiveCfg = DebugEditor|x64
		{3F6C14B3-7912-4174-BA3F-742524FB53F4}.Debug|x64.Build.0 = DebugEditor|x64
		{3F6C14B3-7912-4174-BA3F-742524FB53F4}.Debug|x86.ActiveCfg = DebugEditor|x64
		{3F6C14B3-7912-4174-BA3F-742524FB53F4}.DebugEditor|x64.ActiveCfg = DebugEditor|x64
		{3F6C14B3-7912-4174-BA3F-742524FB53F4}.DebugEditor|x64.Build.0 = DebugEditor|x64
		{3F6C14B3-7912-4174-BA3F-742524FB53F4}.DebugEditor|x86.ActiveCfg = DebugEditor|x64
		{3F6C14B3-7912-4174-BA3F-742524FB53F4}.Release|x64.ActiveCfg = ReleaseEditor|x64
		{3F6C14B3-7912-4174-BA3F-742524FB53F4}.Release|x64.Build.0 = ReleaseEditor|x64
		{3F6C14B3-7912-4174-BA3F-742524FB53F4}.Release|x86.ActiveCfg = ReleaseEditor|x64
		{3F6C14B3-7912-4174-BA3F-742524FB53F4}.ReleaseEditor|x64.ActiveCfg = ReleaseEditor|x64
		{3F6C14B3-7912-4174-BA3F-742524FB53F4}.ReleaseEditor|x64.Build.0 = ReleaseEditor|x64
		{3F6C14B3-7912-4174-BA3F-742524FB53F4}.ReleaseEditor|x86.ActiveCfg = ReleaseEditor|x64
	EndGlobalSection
	GlobalSection(SolutionProperties) = preSolution
		HideSolutionNode = FALSE
	EndGlobalSection
	GlobalSection(ExtensibilityGlobals) = postSolution
		SolutionGuid = {CF076147-B44F-47E5-83FB-10F37324DF06}
	EndGlobalSection
EndGlobal
